// !$*UTF8*$!
{
	archiveVersion = 1;
	classes = {
	};
	objectVersion = 50;
	objects = {

/* Begin PBXBuildFile section */
		22DEA76B2670E65600D1E93B /* RoutingTestApp.swift in Sources */ = {isa = PBXBuildFile; fileRef = 22DEA76A2670E65600D1E93B /* RoutingTestApp.swift */; };
		22DEA76D2670E65600D1E93B /* ContentView.swift in Sources */ = {isa = PBXBuildFile; fileRef = 22DEA76C2670E65600D1E93B /* ContentView.swift */; };
		22DEA76F2670E65600D1E93B /* Assets.xcassets in Resources */ = {isa = PBXBuildFile; fileRef = 22DEA76E2670E65600D1E93B /* Assets.xcassets */; };
		22DEA7722670E65600D1E93B /* Preview Assets.xcassets in Resources */ = {isa = PBXBuildFile; fileRef = 22DEA7712670E65600D1E93B /* Preview Assets.xcassets */; };
		22DEA77D2670E65600D1E93B /* RoutingTestTests.swift in Sources */ = {isa = PBXBuildFile; fileRef = 22DEA77C2670E65600D1E93B /* RoutingTestTests.swift */; };
		22DEA7882670E65600D1E93B /* RoutingTestUITests.swift in Sources */ = {isa = PBXBuildFile; fileRef = 22DEA7872670E65600D1E93B /* RoutingTestUITests.swift */; };
/* End PBXBuildFile section */

/* Begin PBXContainerItemProxy section */
		22DEA7792670E65600D1E93B /* PBXContainerItemProxy */ = {
			isa = PBXContainerItemProxy;
			containerPortal = 22DEA75F2670E65600D1E93B /* Project object */;
			proxyType = 1;
			remoteGlobalIDString = 22DEA7662670E65600D1E93B;
			remoteInfo = RoutingTest;
		};
		22DEA7842670E65600D1E93B /* PBXContainerItemProxy */ = {
			isa = PBXContainerItemProxy;
			containerPortal = 22DEA75F2670E65600D1E93B /* Project object */;
			proxyType = 1;
			remoteGlobalIDString = 22DEA7662670E65600D1E93B;
			remoteInfo = RoutingTest;
		};
/* End PBXContainerItemProxy section */

/* Begin PBXFileReference section */
		22DEA7672670E65600D1E93B /* RoutingTest.app */ = {isa = PBXFileReference; explicitFileType = wrapper.application; includeInIndex = 0; path = RoutingTest.app; sourceTree = BUILT_PRODUCTS_DIR; };
		22DEA76A2670E65600D1E93B /* RoutingTestApp.swift */ = {isa = PBXFileReference; lastKnownFileType = sourcecode.swift; path = RoutingTestApp.swift; sourceTree = "<group>"; };
		22DEA76C2670E65600D1E93B /* ContentView.swift */ = {isa = PBXFileReference; lastKnownFileType = sourcecode.swift; path = ContentView.swift; sourceTree = "<group>"; };
		22DEA76E2670E65600D1E93B /* Assets.xcassets */ = {isa = PBXFileReference; lastKnownFileType = folder.assetcatalog; path = Assets.xcassets; sourceTree = "<group>"; };
		22DEA7712670E65600D1E93B /* Preview Assets.xcassets */ = {isa = PBXFileReference; lastKnownFileType = folder.assetcatalog; path = "Preview Assets.xcassets"; sourceTree = "<group>"; };
		22DEA7732670E65600D1E93B /* Info.plist */ = {isa = PBXFileReference; lastKnownFileType = text.plist.xml; path = Info.plist; sourceTree = "<group>"; };
		22DEA7782670E65600D1E93B /* RoutingTestTests.xctest */ = {isa = PBXFileReference; explicitFileType = wrapper.cfbundle; includeInIndex = 0; path = RoutingTestTests.xctest; sourceTree = BUILT_PRODUCTS_DIR; };
		22DEA77C2670E65600D1E93B /* RoutingTestTests.swift */ = {isa = PBXFileReference; lastKnownFileType = sourcecode.swift; path = RoutingTestTests.swift; sourceTree = "<group>"; };
		22DEA77E2670E65600D1E93B /* Info.plist */ = {isa = PBXFileReference; lastKnownFileType = text.plist.xml; path = Info.plist; sourceTree = "<group>"; };
		22DEA7832670E65600D1E93B /* RoutingTestUITests.xctest */ = {isa = PBXFileReference; explicitFileType = wrapper.cfbundle; includeInIndex = 0; path = RoutingTestUITests.xctest; sourceTree = BUILT_PRODUCTS_DIR; };
		22DEA7872670E65600D1E93B /* RoutingTestUITests.swift */ = {isa = PBXFileReference; lastKnownFileType = sourcecode.swift; path = RoutingTestUITests.swift; sourceTree = "<group>"; };
		22DEA7892670E65600D1E93B /* Info.plist */ = {isa = PBXFileReference; lastKnownFileType = text.plist.xml; path = Info.plist; sourceTree = "<group>"; };
/* End PBXFileReference section */

/* Begin PBXFrameworksBuildPhase section */
		22DEA7642670E65600D1E93B /* Frameworks */ = {
			isa = PBXFrameworksBuildPhase;
			buildActionMask = 2147483647;
			files = (
			);
			runOnlyForDeploymentPostprocessing = 0;
		};
		22DEA7752670E65600D1E93B /* Frameworks */ = {
			isa = PBXFrameworksBuildPhase;
			buildActionMask = 2147483647;
			files = (
			);
			runOnlyForDeploymentPostprocessing = 0;
		};
		22DEA7802670E65600D1E93B /* Frameworks */ = {
			isa = PBXFrameworksBuildPhase;
			buildActionMask = 2147483647;
			files = (
			);
			runOnlyForDeploymentPostprocessing = 0;
		};
/* End PBXFrameworksBuildPhase section */

/* Begin PBXGroup section */
		22DEA75E2670E65600D1E93B = {
			isa = PBXGroup;
			children = (
				22DEA7692670E65600D1E93B /* RoutingTest */,
				22DEA77B2670E65600D1E93B /* RoutingTestTests */,
				22DEA7862670E65600D1E93B /* RoutingTestUITests */,
				22DEA7682670E65600D1E93B /* Products */,
			);
			sourceTree = "<group>";
		};
		22DEA7682670E65600D1E93B /* Products */ = {
			isa = PBXGroup;
			children = (
				22DEA7672670E65600D1E93B /* RoutingTest.app */,
				22DEA7782670E65600D1E93B /* RoutingTestTests.xctest */,
				22DEA7832670E65600D1E93B /* RoutingTestUITests.xctest */,
			);
			name = Products;
			sourceTree = "<group>";
		};
		22DEA7692670E65600D1E93B /* RoutingTest */ = {
			isa = PBXGroup;
			children = (
				22DEA76A2670E65600D1E93B /* RoutingTestApp.swift */,
				22DEA76C2670E65600D1E93B /* ContentView.swift */,
				22DEA76E2670E65600D1E93B /* Assets.xcassets */,
				22DEA7732670E65600D1E93B /* Info.plist */,
				22DEA7702670E65600D1E93B /* Preview Content */,
			);
			path = RoutingTest;
			sourceTree = "<group>";
		};
		22DEA7702670E65600D1E93B /* Preview Content */ = {
			isa = PBXGroup;
			children = (
				22DEA7712670E65600D1E93B /* Preview Assets.xcassets */,
			);
			path = "Preview Content";
			sourceTree = "<group>";
		};
		22DEA77B2670E65600D1E93B /* RoutingTestTests */ = {
			isa = PBXGroup;
			children = (
				22DEA77C2670E65600D1E93B /* RoutingTestTests.swift */,
				22DEA77E2670E65600D1E93B /* Info.plist */,
			);
			path = RoutingTestTests;
			sourceTree = "<group>";
		};
		22DEA7862670E65600D1E93B /* RoutingTestUITests */ = {
			isa = PBXGroup;
			children = (
				22DEA7872670E65600D1E93B /* RoutingTestUITests.swift */,
				22DEA7892670E65600D1E93B /* Info.plist */,
			);
			path = RoutingTestUITests;
			sourceTree = "<group>";
		};
/* End PBXGroup section */

/* Begin PBXNativeTarget section */
		22DEA7662670E65600D1E93B /* RoutingTest */ = {
			isa = PBXNativeTarget;
			buildConfigurationList = 22DEA78C2670E65600D1E93B /* Build configuration list for PBXNativeTarget "RoutingTest" */;
			buildPhases = (
				22DEA7632670E65600D1E93B /* Sources */,
				22DEA7642670E65600D1E93B /* Frameworks */,
				22DEA7652670E65600D1E93B /* Resources */,
			);
			buildRules = (
			);
			dependencies = (
			);
			name = RoutingTest;
			productName = RoutingTest;
			productReference = 22DEA7672670E65600D1E93B /* RoutingTest.app */;
			productType = "com.apple.product-type.application";
		};
		22DEA7772670E65600D1E93B /* RoutingTestTests */ = {
			isa = PBXNativeTarget;
			buildConfigurationList = 22DEA78F2670E65600D1E93B /* Build configuration list for PBXNativeTarget "RoutingTestTests" */;
			buildPhases = (
				22DEA7742670E65600D1E93B /* Sources */,
				22DEA7752670E65600D1E93B /* Frameworks */,
				22DEA7762670E65600D1E93B /* Resources */,
			);
			buildRules = (
			);
			dependencies = (
				22DEA77A2670E65600D1E93B /* PBXTargetDependency */,
			);
			name = RoutingTestTests;
			productName = RoutingTestTests;
			productReference = 22DEA7782670E65600D1E93B /* RoutingTestTests.xctest */;
			productType = "com.apple.product-type.bundle.unit-test";
		};
		22DEA7822670E65600D1E93B /* RoutingTestUITests */ = {
			isa = PBXNativeTarget;
			buildConfigurationList = 22DEA7922670E65600D1E93B /* Build configuration list for PBXNativeTarget "RoutingTestUITests" */;
			buildPhases = (
				22DEA77F2670E65600D1E93B /* Sources */,
				22DEA7802670E65600D1E93B /* Frameworks */,
				22DEA7812670E65600D1E93B /* Resources */,
			);
			buildRules = (
			);
			dependencies = (
				22DEA7852670E65600D1E93B /* PBXTargetDependency */,
			);
			name = RoutingTestUITests;
			productName = RoutingTestUITests;
			productReference = 22DEA7832670E65600D1E93B /* RoutingTestUITests.xctest */;
			productType = "com.apple.product-type.bundle.ui-testing";
		};
/* End PBXNativeTarget section */

/* Begin PBXProject section */
		22DEA75F2670E65600D1E93B /* Project object */ = {
			isa = PBXProject;
			attributes = {
				LastSwiftUpdateCheck = 1250;
				LastUpgradeCheck = 1250;
				TargetAttributes = {
					22DEA7662670E65600D1E93B = {
						CreatedOnToolsVersion = 12.5;
					};
					22DEA7772670E65600D1E93B = {
						CreatedOnToolsVersion = 12.5;
						TestTargetID = 22DEA7662670E65600D1E93B;
					};
					22DEA7822670E65600D1E93B = {
						CreatedOnToolsVersion = 12.5;
						TestTargetID = 22DEA7662670E65600D1E93B;
					};
				};
			};
			buildConfigurationList = 22DEA7622670E65600D1E93B /* Build configuration list for PBXProject "RoutingTest" */;
			compatibilityVersion = "Xcode 9.3";
			developmentRegion = en;
			hasScannedForEncodings = 0;
			knownRegions = (
				en,
				Base,
			);
			mainGroup = 22DEA75E2670E65600D1E93B;
			productRefGroup = 22DEA7682670E65600D1E93B /* Products */;
			projectDirPath = "";
			projectRoot = "";
			targets = (
				22DEA7662670E65600D1E93B /* RoutingTest */,
				22DEA7772670E65600D1E93B /* RoutingTestTests */,
				22DEA7822670E65600D1E93B /* RoutingTestUITests */,
			);
		};
/* End PBXProject section */

/* Begin PBXResourcesBuildPhase section */
		22DEA7652670E65600D1E93B /* Resources */ = {
			isa = PBXResourcesBuildPhase;
			buildActionMask = 2147483647;
			files = (
				22DEA7722670E65600D1E93B /* Preview Assets.xcassets in Resources */,
				22DEA76F2670E65600D1E93B /* Assets.xcassets in Resources */,
			);
			runOnlyForDeploymentPostprocessing = 0;
		};
		22DEA7762670E65600D1E93B /* Resources */ = {
			isa = PBXResourcesBuildPhase;
			buildActionMask = 2147483647;
			files = (
			);
			runOnlyForDeploymentPostprocessing = 0;
		};
		22DEA7812670E65600D1E93B /* Resources */ = {
			isa = PBXResourcesBuildPhase;
			buildActionMask = 2147483647;
			files = (
			);
			runOnlyForDeploymentPostprocessing = 0;
		};
/* End PBXResourcesBuildPhase section */

/* Begin PBXSourcesBuildPhase section */
		22DEA7632670E65600D1E93B /* Sources */ = {
			isa = PBXSourcesBuildPhase;
			buildActionMask = 2147483647;
			files = (
				22DEA76D2670E65600D1E93B /* ContentView.swift in Sources */,
				22DEA76B2670E65600D1E93B /* RoutingTestApp.swift in Sources */,
			);
			runOnlyForDeploymentPostprocessing = 0;
		};
		22DEA7742670E65600D1E93B /* Sources */ = {
			isa = PBXSourcesBuildPhase;
			buildActionMask = 2147483647;
			files = (
				22DEA77D2670E65600D1E93B /* RoutingTestTests.swift in Sources */,
			);
			runOnlyForDeploymentPostprocessing = 0;
		};
		22DEA77F2670E65600D1E93B /* Sources */ = {
			isa = PBXSourcesBuildPhase;
			buildActionMask = 2147483647;
			files = (
				22DEA7882670E65600D1E93B /* RoutingTestUITests.swift in Sources */,
			);
			runOnlyForDeploymentPostprocessing = 0;
		};
/* End PBXSourcesBuildPhase section */

/* Begin PBXTargetDependency section */
		22DEA77A2670E65600D1E93B /* PBXTargetDependency */ = {
			isa = PBXTargetDependency;
			target = 22DEA7662670E65600D1E93B /* RoutingTest */;
			targetProxy = 22DEA7792670E65600D1E93B /* PBXContainerItemProxy */;
		};
		22DEA7852670E65600D1E93B /* PBXTargetDependency */ = {
			isa = PBXTargetDependency;
			target = 22DEA7662670E65600D1E93B /* RoutingTest */;
			targetProxy = 22DEA7842670E65600D1E93B /* PBXContainerItemProxy */;
		};
/* End PBXTargetDependency section */

/* Begin XCBuildConfiguration section */
		22DEA78A2670E65600D1E93B /* Debug */ = {
			isa = XCBuildConfiguration;
			buildSettings = {
				ALWAYS_SEARCH_USER_PATHS = NO;
				CLANG_ANALYZER_NONNULL = YES;
				CLANG_ANALYZER_NUMBER_OBJECT_CONVERSION = YES_AGGRESSIVE;
				CLANG_CXX_LANGUAGE_STANDARD = "gnu++14";
				CLANG_CXX_LIBRARY = "libc++";
				CLANG_ENABLE_MODULES = YES;
				CLANG_ENABLE_OBJC_ARC = YES;
				CLANG_ENABLE_OBJC_WEAK = YES;
				CLANG_WARN_BLOCK_CAPTURE_AUTORELEASING = YES;
				CLANG_WARN_BOOL_CONVERSION = YES;
				CLANG_WARN_COMMA = YES;
				CLANG_WARN_CONSTANT_CONVERSION = YES;
				CLANG_WARN_DEPRECATED_OBJC_IMPLEMENTATIONS = YES;
				CLANG_WARN_DIRECT_OBJC_ISA_USAGE = YES_ERROR;
				CLANG_WARN_DOCUMENTATION_COMMENTS = YES;
				CLANG_WARN_EMPTY_BODY = YES;
				CLANG_WARN_ENUM_CONVERSION = YES;
				CLANG_WARN_INFINITE_RECURSION = YES;
				CLANG_WARN_INT_CONVERSION = YES;
				CLANG_WARN_NON_LITERAL_NULL_CONVERSION = YES;
				CLANG_WARN_OBJC_IMPLICIT_RETAIN_SELF = YES;
				CLANG_WARN_OBJC_LITERAL_CONVERSION = YES;
				CLANG_WARN_OBJC_ROOT_CLASS = YES_ERROR;
				CLANG_WARN_QUOTED_INCLUDE_IN_FRAMEWORK_HEADER = YES;
				CLANG_WARN_RANGE_LOOP_ANALYSIS = YES;
				CLANG_WARN_STRICT_PROTOTYPES = YES;
				CLANG_WARN_SUSPICIOUS_MOVE = YES;
				CLANG_WARN_UNGUARDED_AVAILABILITY = YES_AGGRESSIVE;
				CLANG_WARN_UNREACHABLE_CODE = YES;
				CLANG_WARN__DUPLICATE_METHOD_MATCH = YES;
				COPY_PHASE_STRIP = NO;
				DEBUG_INFORMATION_FORMAT = dwarf;
				ENABLE_STRICT_OBJC_MSGSEND = YES;
				ENABLE_TESTABILITY = YES;
				GCC_C_LANGUAGE_STANDARD = gnu11;
				GCC_DYNAMIC_NO_PIC = NO;
				GCC_NO_COMMON_BLOCKS = YES;
				GCC_OPTIMIZATION_LEVEL = 0;
				GCC_PREPROCESSOR_DEFINITIONS = (
					"DEBUG=1",
					"$(inherited)",
				);
				GCC_WARN_64_TO_32_BIT_CONVERSION = YES;
				GCC_WARN_ABOUT_RETURN_TYPE = YES_ERROR;
				GCC_WARN_UNDECLARED_SELECTOR = YES;
				GCC_WARN_UNINITIALIZED_AUTOS = YES_AGGRESSIVE;
				GCC_WARN_UNUSED_FUNCTION = YES;
				GCC_WARN_UNUSED_VARIABLE = YES;
				IPHONEOS_DEPLOYMENT_TARGET = 14.5;
				MTL_ENABLE_DEBUG_INFO = INCLUDE_SOURCE;
				MTL_FAST_MATH = YES;
				ONLY_ACTIVE_ARCH = YES;
				SDKROOT = iphoneos;
				SWIFT_ACTIVE_COMPILATION_CONDITIONS = DEBUG;
				SWIFT_OPTIMIZATION_LEVEL = "-Onone";
			};
			name = Debug;
		};
		22DEA78B2670E65600D1E93B /* Release */ = {
			isa = XCBuildConfiguration;
			buildSettings = {
				ALWAYS_SEARCH_USER_PATHS = NO;
				CLANG_ANALYZER_NONNULL = YES;
				CLANG_ANALYZER_NUMBER_OBJECT_CONVERSION = YES_AGGRESSIVE;
				CLANG_CXX_LANGUAGE_STANDARD = "gnu++14";
				CLANG_CXX_LIBRARY = "libc++";
				CLANG_ENABLE_MODULES = YES;
				CLANG_ENABLE_OBJC_ARC = YES;
				CLANG_ENABLE_OBJC_WEAK = YES;
				CLANG_WARN_BLOCK_CAPTURE_AUTORELEASING = YES;
				CLANG_WARN_BOOL_CONVERSION = YES;
				CLANG_WARN_COMMA = YES;
				CLANG_WARN_CONSTANT_CONVERSION = YES;
				CLANG_WARN_DEPRECATED_OBJC_IMPLEMENTATIONS = YES;
				CLANG_WARN_DIRECT_OBJC_ISA_USAGE = YES_ERROR;
				CLANG_WARN_DOCUMENTATION_COMMENTS = YES;
				CLANG_WARN_EMPTY_BODY = YES;
				CLANG_WARN_ENUM_CONVERSION = YES;
				CLANG_WARN_INFINITE_RECURSION = YES;
				CLANG_WARN_INT_CONVERSION = YES;
				CLANG_WARN_NON_LITERAL_NULL_CONVERSION = YES;
				CLANG_WARN_OBJC_IMPLICIT_RETAIN_SELF = YES;
				CLANG_WARN_OBJC_LITERAL_CONVERSION = YES;
				CLANG_WARN_OBJC_ROOT_CLASS = YES_ERROR;
				CLANG_WARN_QUOTED_INCLUDE_IN_FRAMEWORK_HEADER = YES;
				CLANG_WARN_RANGE_LOOP_ANALYSIS = YES;
				CLANG_WARN_STRICT_PROTOTYPES = YES;
				CLANG_WARN_SUSPICIOUS_MOVE = YES;
				CLANG_WARN_UNGUARDED_AVAILABILITY = YES_AGGRESSIVE;
				CLANG_WARN_UNREACHABLE_CODE = YES;
				CLANG_WARN__DUPLICATE_METHOD_MATCH = YES;
				COPY_PHASE_STRIP = NO;
				DEBUG_INFORMATION_FORMAT = "dwarf-with-dsym";
				ENABLE_NS_ASSERTIONS = NO;
				ENABLE_STRICT_OBJC_MSGSEND = YES;
				GCC_C_LANGUAGE_STANDARD = gnu11;
				GCC_NO_COMMON_BLOCKS = YES;
				GCC_WARN_64_TO_32_BIT_CONVERSION = YES;
				GCC_WARN_ABOUT_RETURN_TYPE = YES_ERROR;
				GCC_WARN_UNDECLARED_SELECTOR = YES;
				GCC_WARN_UNINITIALIZED_AUTOS = YES_AGGRESSIVE;
				GCC_WARN_UNUSED_FUNCTION = YES;
				GCC_WARN_UNUSED_VARIABLE = YES;
				IPHONEOS_DEPLOYMENT_TARGET = 14.5;
				MTL_ENABLE_DEBUG_INFO = NO;
				MTL_FAST_MATH = YES;
				SDKROOT = iphoneos;
				SWIFT_COMPILATION_MODE = wholemodule;
				SWIFT_OPTIMIZATION_LEVEL = "-O";
				VALIDATE_PRODUCT = YES;
			};
			name = Release;
		};
		22DEA78D2670E65600D1E93B /* Debug */ = {
			isa = XCBuildConfiguration;
			buildSettings = {
				ASSETCATALOG_COMPILER_APPICON_NAME = AppIcon;
				ASSETCATALOG_COMPILER_GLOBAL_ACCENT_COLOR_NAME = AccentColor;
				CODE_SIGN_STYLE = Automatic;
				DEVELOPMENT_ASSET_PATHS = "\"RoutingTest/Preview Content\"";
				DEVELOPMENT_TEAM = 6H82KV2XS8;
				ENABLE_PREVIEWS = YES;
				INFOPLIST_FILE = RoutingTest/Info.plist;
				IPHONEOS_DEPLOYMENT_TARGET = 14.0;
				LD_RUNPATH_SEARCH_PATHS = (
					"$(inherited)",
					"@executable_path/Frameworks",
				);
				PRODUCT_BUNDLE_IDENTIFIER = com.healthapogee.RoutingTest;
				PRODUCT_NAME = "$(TARGET_NAME)";
				SWIFT_VERSION = 5.0;
				TARGETED_DEVICE_FAMILY = "1,2";
			};
			name = Debug;
		};
		22DEA78E2670E65600D1E93B /* Release */ = {
			isa = XCBuildConfiguration;
			buildSettings = {
				ASSETCATALOG_COMPILER_APPICON_NAME = AppIcon;
				ASSETCATALOG_COMPILER_GLOBAL_ACCENT_COLOR_NAME = AccentColor;
				CODE_SIGN_STYLE = Automatic;
				DEVELOPMENT_ASSET_PATHS = "\"RoutingTest/Preview Content\"";
				DEVELOPMENT_TEAM = 6H82KV2XS8;
				ENABLE_PREVIEWS = YES;
				INFOPLIST_FILE = RoutingTest/Info.plist;
				IPHONEOS_DEPLOYMENT_TARGET = 14.0;
				LD_RUNPATH_SEARCH_PATHS = (
					"$(inherited)",
					"@executable_path/Frameworks",
				);
				PRODUCT_BUNDLE_IDENTIFIER = com.healthapogee.RoutingTest;
				PRODUCT_NAME = "$(TARGET_NAME)";
				SWIFT_VERSION = 5.0;
				TARGETED_DEVICE_FAMILY = "1,2";
			};
			name = Release;
		};
		22DEA7902670E65600D1E93B /* Debug */ = {
			isa = XCBuildConfiguration;
			buildSettings = {
				ALWAYS_EMBED_SWIFT_STANDARD_LIBRARIES = YES;
				BUNDLE_LOADER = "$(TEST_HOST)";
				CODE_SIGN_STYLE = Automatic;
				DEVELOPMENT_TEAM = 6H82KV2XS8;
				INFOPLIST_FILE = RoutingTestTests/Info.plist;
				IPHONEOS_DEPLOYMENT_TARGET = 14.0;
				LD_RUNPATH_SEARCH_PATHS = (
					"$(inherited)",
					"@executable_path/Frameworks",
					"@loader_path/Frameworks",
				);
				PRODUCT_BUNDLE_IDENTIFIER = com.healthapogee.RoutingTestTests;
				PRODUCT_NAME = "$(TARGET_NAME)";
				SWIFT_VERSION = 5.0;
				TARGETED_DEVICE_FAMILY = "1,2";
				TEST_HOST = "$(BUILT_PRODUCTS_DIR)/RoutingTest.app/RoutingTest";
			};
			name = Debug;
		};
		22DEA7912670E65600D1E93B /* Release */ = {
			isa = XCBuildConfiguration;
			buildSettings = {
				ALWAYS_EMBED_SWIFT_STANDARD_LIBRARIES = YES;
				BUNDLE_LOADER = "$(TEST_HOST)";
				CODE_SIGN_STYLE = Automatic;
				DEVELOPMENT_TEAM = 6H82KV2XS8;
				INFOPLIST_FILE = RoutingTestTests/Info.plist;
				IPHONEOS_DEPLOYMENT_TARGET = 14.0;
				LD_RUNPATH_SEARCH_PATHS = (
					"$(inherited)",
					"@executable_path/Frameworks",
					"@loader_path/Frameworks",
				);
				PRODUCT_BUNDLE_IDENTIFIER = com.healthapogee.RoutingTestTests;
				PRODUCT_NAME = "$(TARGET_NAME)";
				SWIFT_VERSION = 5.0;
				TARGETED_DEVICE_FAMILY = "1,2";
				TEST_HOST = "$(BUILT_PRODUCTS_DIR)/RoutingTest.app/RoutingTest";
			};
			name = Release;
		};
		22DEA7932670E65600D1E93B /* Debug */ = {
			isa = XCBuildConfiguration;
			buildSettings = {
				ALWAYS_EMBED_SWIFT_STANDARD_LIBRARIES = YES;
				CODE_SIGN_STYLE = Automatic;
				DEVELOPMENT_TEAM = 6H82KV2XS8;
				INFOPLIST_FILE = RoutingTestUITests/Info.plist;
				LD_RUNPATH_SEARCH_PATHS = (
					"$(inherited)",
					"@executable_path/Frameworks",
					"@loader_path/Frameworks",
				);
				PRODUCT_BUNDLE_IDENTIFIER = com.healthapogee.RoutingTestUITests;
				PRODUCT_NAME = "$(TARGET_NAME)";
				SWIFT_VERSION = 5.0;
				TARGETED_DEVICE_FAMILY = "1,2";
				TEST_TARGET_NAME = RoutingTest;
			};
			name = Debug;
		};
		22DEA7942670E65600D1E93B /* Release */ = {
			isa = XCBuildConfiguration;
			buildSettings = {
				ALWAYS_EMBED_SWIFT_STANDARD_LIBRARIES = YES;
				CODE_SIGN_STYLE = Automatic;
				DEVELOPMENT_TEAM = 6H82KV2XS8;
				INFOPLIST_FILE = RoutingTestUITests/Info.plist;
				LD_RUNPATH_SEARCH_PATHS = (
					"$(inherited)",
					"@executable_path/Frameworks",
					"@loader_path/Frameworks",
				);
				PRODUCT_BUNDLE_IDENTIFIER = com.healthapogee.RoutingTestUITests;
				PRODUCT_NAME = "$(TARGET_NAME)";
				SWIFT_VERSION = 5.0;
				TARGETED_DEVICE_FAMILY = "1,2";
				TEST_TARGET_NAME = RoutingTest;
			};
			name = Release;
		};
/* End XCBuildConfiguration section */

/* Begin XCConfigurationList section */
		22DEA7622670E65600D1E93B /* Build configuration list for PBXProject "RoutingTest" */ = {
			isa = XCConfigurationList;
			buildConfigurations = (
				22DEA78A2670E65600D1E93B /* Debug */,
				22DEA78B2670E65600D1E93B /* Release */,
			);
			defaultConfigurationIsVisible = 0;
			defaultConfigurationName = Release;
		};
		22DEA78C2670E65600D1E93B /* Build configuration list for PBXNativeTarget "RoutingTest" */ = {
			isa = XCConfigurationList;
			buildConfigurations = (
				22DEA78D2670E65600D1E93B /* Debug */,
				22DEA78E2670E65600D1E93B /* Release */,
			);
			defaultConfigurationIsVisible = 0;
			defaultConfigurationName = Release;
		};
		22DEA78F2670E65600D1E93B /* Build configuration list for PBXNativeTarget "RoutingTestTests" */ = {
			isa = XCConfigurationList;
			buildConfigurations = (
				22DEA7902670E65600D1E93B /* Debug */,
				22DEA7912670E65600D1E93B /* Release */,
			);
			defaultConfigurationIsVisible = 0;
			defaultConfigurationName = Release;
		};
		22DEA7922670E65600D1E93B /* Build configuration list for PBXNativeTarget "RoutingTestUITests" */ = {
			isa = XCConfigurationList;
			buildConfigurations = (
				22DEA7932670E65600D1E93B /* Debug */,
				22DEA7942670E65600D1E93B /* Release */,
			);
			defaultConfigurationIsVisible = 0;
			defaultConfigurationName = Release;
		};
/* End XCConfigurationList section */
	};
	rootObject = 22DEA75F2670E65600D1E93B /* Project object */;
}
